
Microsoft Visual Studio Solution File, Format Version 12.00
# Visual Studio Version 16
VisualStudioVersion = 16.0.30114.105
MinimumVisualStudioVersion = 10.0.40219.1
Project("{FAE04EC0-301F-11D3-BF4B-00C04F79EFBC}") = "API", "API\API.csproj", "{1CAD1835-7C96-4C7B-9190-80FA70065001}"
EndProject
Project("{FAE04EC0-301F-11D3-BF4B-00C04F79EFBC}") = "Core", "Core\Core.csproj", "{D188DEA6-CA6C-4EC7-B89B-584FD3A864F3}"
EndProject
Project("{FAE04EC0-301F-11D3-BF4B-00C04F79EFBC}") = "Infrastructure", "Infrastructure\Infrastructure.csproj", "{ACAD3297-BEED-4E50-B365-290824994E42}"
EndProject
Global
	GlobalSection(SolutionConfigurationPlatforms) = preSolution
		Debug|Any CPU = Debug|Any CPU
		Debug|x64 = Debug|x64
		Debug|x86 = Debug|x86
		Release|Any CPU = Release|Any CPU
		Release|x64 = Release|x64
		Release|x86 = Release|x86
	EndGlobalSection
	GlobalSection(SolutionProperties) = preSolution
		HideSolutionNode = FALSE
	EndGlobalSection
	GlobalSection(ProjectConfigurationPlatforms) = postSolution
		{1CAD1835-7C96-4C7B-9190-80FA70065001}.Debug|Any CPU.ActiveCfg = Debug|Any CPU
		{1CAD1835-7C96-4C7B-9190-80FA70065001}.Debug|Any CPU.Build.0 = Debug|Any CPU
		{1CAD1835-7C96-4C7B-9190-80FA70065001}.Debug|x64.ActiveCfg = Debug|Any CPU
		{1CAD1835-7C96-4C7B-9190-80FA70065001}.Debug|x64.Build.0 = Debug|Any CPU
		{1CAD1835-7C96-4C7B-9190-80FA70065001}.Debug|x86.ActiveCfg = Debug|Any CPU
		{1CAD1835-7C96-4C7B-9190-80FA70065001}.Debug|x86.Build.0 = Debug|Any CPU
		{1CAD1835-7C96-4C7B-9190-80FA70065001}.Release|Any CPU.ActiveCfg = Release|Any CPU
		{1CAD1835-7C96-4C7B-9190-80FA70065001}.Release|Any CPU.Build.0 = Release|Any CPU
		{1CAD1835-7C96-4C7B-9190-80FA70065001}.Release|x64.ActiveCfg = Release|Any CPU
		{1CAD1835-7C96-4C7B-9190-80FA70065001}.Release|x64.Build.0 = Release|Any CPU
		{1CAD1835-7C96-4C7B-9190-80FA70065001}.Release|x86.ActiveCfg = Release|Any CPU
		{1CAD1835-7C96-4C7B-9190-80FA70065001}.Release|x86.Build.0 = Release|Any CPU
		{D188DEA6-CA6C-4EC7-B89B-584FD3A864F3}.Debug|Any CPU.ActiveCfg = Debug|Any CPU
		{D188DEA6-CA6C-4EC7-B89B-584FD3A864F3}.Debug|Any CPU.Build.0 = Debug|Any CPU
		{D188DEA6-CA6C-4EC7-B89B-584FD3A864F3}.Debug|x64.ActiveCfg = Debug|Any CPU
		{D188DEA6-CA6C-4EC7-B89B-584FD3A864F3}.Debug|x64.Build.0 = Debug|Any CPU
		{D188DEA6-CA6C-4EC7-B89B-584FD3A864F3}.Debug|x86.ActiveCfg = Debug|Any CPU
		{D188DEA6-CA6C-4EC7-B89B-584FD3A864F3}.Debug|x86.Build.0 = Debug|Any CPU
		{D188DEA6-CA6C-4EC7-B89B-584FD3A864F3}.Release|Any CPU.ActiveCfg = Release|Any CPU
		{D188DEA6-CA6C-4EC7-B89B-584FD3A864F3}.Release|Any CPU.Build.0 = Release|Any CPU
		{D188DEA6-CA6C-4EC7-B89B-584FD3A864F3}.Release|x64.ActiveCfg = Release|Any CPU
		{D188DEA6-CA6C-4EC7-B89B-584FD3A864F3}.Release|x64.Build.0 = Release|Any CPU
		{D188DEA6-CA6C-4EC7-B89B-584FD3A864F3}.Release|x86.ActiveCfg = Release|Any CPU
		{D188DEA6-CA6C-4EC7-B89B-584FD3A864F3}.Release|x86.Build.0 = Release|Any CPU
		{ACAD3297-BEED-4E50-B365-290824994E42}.Debug|Any CPU.ActiveCfg = Debug|Any CPU
		{ACAD3297-BEED-4E50-B365-290824994E42}.Debug|Any CPU.Build.0 = Debug|Any CPU
		{ACAD3297-BEED-4E50-B365-290824994E42}.Debug|x64.ActiveCfg = Debug|Any CPU
		{ACAD3297-BEED-4E50-B365-290824994E42}.Debug|x64.Build.0 = Debug|Any CPU
		{ACAD3297-BEED-4E50-B365-290824994E42}.Debug|x86.ActiveCfg = Debug|Any CPU
		{ACAD3297-BEED-4E50-B365-290824994E42}.Debug|x86.Build.0 = Debug|Any CPU
		{ACAD3297-BEED-4E50-B365-290824994E42}.Release|Any CPU.ActiveCfg = Release|Any CPU
		{ACAD3297-BEED-4E50-B365-290824994E42}.Release|Any CPU.Build.0 = Release|Any CPU
		{ACAD3297-BEED-4E50-B365-290824994E42}.Release|x64.ActiveCfg = Release|Any CPU
		{ACAD3297-BEED-4E50-B365-290824994E42}.Release|x64.Build.0 = Release|Any CPU
		{ACAD3297-BEED-4E50-B365-290824994E42}.Release|x86.ActiveCfg = Release|Any CPU
		{ACAD3297-BEED-4E50-B365-290824994E42}.Release|x86.Build.0 = Release|Any CPU
	EndGlobalSection
EndGlobal
